{
  "name": "single-spa",
  "version": "1.0.0",
  "lockfileVersion": 1,
  "requires": true,
  "dependencies": {
    "fsevents": {
      "version": "2.1.3",
      "resolved": "https://npm.corp.kuaishou.com/fsevents/-/fsevents-2.1.3.tgz",
      "integrity": "sha1-+3OHA66NL5/pAMM4Nt3r7ouX8j4=",
      "dev": true,
      "optional": true
    },
    "mime": {
      "version": "2.4.6",
      "resolved": "https://npm.corp.kuaishou.com/mime/-/mime-2.4.6.tgz",
      "integrity": "sha1-5bQHyQ20QvK+tbFiNz0Htpr/pNE=",
      "dev": true
    },
    "opener": {
      "version": "1.5.1",
      "resolved": "https://npm.corp.kuaishou.com/opener/-/opener-1.5.1.tgz",
      "integrity": "sha1-bS8Od/GgrwAyrKcWwsH7uOfoq+0=",
      "dev": true
    },
    "rollup": {
      "version": "2.26.6",
      "resolved": "https://npm.corp.kuaishou.com/rollup/-/rollup-2.26.6.tgz",
      "integrity": "sha1-C0YMHaIkxq8SoelIooxROqEfK5M=",
      "dev": true,
      "requires": {
        "fsevents": "~2.1.2"
      }
    },
    "rollup-plugin-serve": {
      "version": "1.0.4",
      "resolved": "https://npm.corp.kuaishou.com/rollup-plugin-serve/-/rollup-plugin-serve-1.0.4.tgz",
      "integrity": "sha1-F2ZZdBhfkAfsrrCDXE6JYS4E0jQ=",
      "dev": true,
      "requires": {
        "mime": ">=2.4.6",
        "opener": "1"
      }
    }
  }
}
